{
  "name": "bulls-and-cows",
  "version": "1.0.0",
  "lockfileVersion": 3,
  "requires": true,
  "packages": {
    "": {
      "name": "bulls-and-cows",
      "version": "1.0.0",
      "license": "ISC",
      "dependencies": {
        "align-text": "^1.0.2",
        "center-align": "^1.0.1",
        "center-text": "^0.1.0",
        "chalk": "^5.3.0",
        "prompt-sync": "^4.2.0"
      },
      "devDependencies": {
        "@types/align-text": "^1.0.4",
        "@types/center-align": "^1.0.2",
        "@types/node": "^20.9.0",
        "@types/prompt-sync": "^4.2.3",
        "tslib": "^2.6.2",
        "typescript": "^5.2.2"
      },
      "engines": {
        "node": ">=12.0.0"
      }
    },
    "node_modules/@types/align-text": {
      "version": "1.0.4",
      "resolved": "https://registry.npmjs.org/@types/align-text/-/align-text-1.0.4.tgz",
      "integrity": "sha512-+4rxbkuvJdnmIxpyJhGFdpdHoe+v4khuJj5p1Ogg8nok8KbH+l/RKITcfSxE3yABY5kc8+N4RHYN8R1+11T5DQ==",
      "dev": true
    },
    "node_modules/@types/center-align": {
      "version": "1.0.2",
      "resolved": "https://registry.npmjs.org/@types/center-align/-/center-align-1.0.2.tgz",
      "integrity": "sha512-vS1OELF96J87YD9ooKRKnLUx7aSz8ITqTyVQQSDJAfUi4MvJOXcLSvV9qdcdaje31VZlBPxlQlFiKtoMPRtQDA==",
      "dev": true
    },
    "node_modules/@types/node": {
      "version": "20.9.0",
      "resolved": "https://registry.npmjs.org/@types/node/-/node-20.9.0.tgz",
      "integrity": "sha512-nekiGu2NDb1BcVofVcEKMIwzlx4NjHlcjhoxxKBNLtz15Y1z7MYf549DFvkHSId02Ax6kGwWntIBPC3l/JZcmw==",
      "dev": true,
      "dependencies": {
        "undici-types": "~5.26.4"
      }
    },
    "node_modules/@types/prompt-sync": {
      "version": "4.2.3",
      "resolved": "https://registry.npmjs.org/@types/prompt-sync/-/prompt-sync-4.2.3.tgz",
      "integrity": "sha512-Ox77gCSx0YyeakGt/qfOZUSFNSSi+sh3ABoGOiCwiO2KODx492BJnUm9oIXS+AHJtqp12iM4RduY6viTJ9bYwA==",
      "dev": true
    },
    "node_modules/align-text": {
      "version": "1.0.2",
      "resolved": "https://registry.npmjs.org/align-text/-/align-text-1.0.2.tgz",
      "integrity": "sha512-uBPDs72zrRTdiTBY0YjBbuBOdXtRyT4qsKPb4bL4O7vH4utz/7KjwTJVsVbdThxMbVzkRGAfk8Ml3xoMvXSEYw==",
      "dependencies": {
        "kind-of": "^5.0.2",
        "longest": "^2.0.1",
        "repeat-string": "^1.6.1"
      },
      "engines": {
        "node": ">=0.10.0"
      }
    },
    "node_modules/ansi-regex": {
      "version": "4.1.1",
      "resolved": "https://registry.npmjs.org/ansi-regex/-/ansi-regex-4.1.1.tgz",
      "integrity": "sha512-ILlv4k/3f6vfQ4OoP2AGvirOktlQ98ZEL1k9FaQjxa3L1abBgbuTDAdPOpvbGncC0BTVQrl+OM8xZGK6tWXt7g==",
      "engines": {
        "node": ">=6"
      }
    },
    "node_modules/center-align": {
      "version": "1.0.1",
      "resolved": "https://registry.npmjs.org/center-align/-/center-align-1.0.1.tgz",
      "integrity": "sha512-j6Ba1Vwtu0i9CUfM5VicnMqOsNRMYnNAoTUTB/EzUFhBKkqFPD5UE2WTCSIy49OnbjTEnJ0t2CFPYMbKNrUi/A==",
      "dependencies": {
        "align-text": "^1.0.0",
        "repeat-string": "^1.6.1"
      },
      "engines": {
        "node": ">=0.10.0"
      }
    },
    "node_modules/center-text": {
      "version": "0.1.0",
      "resolved": "https://registry.npmjs.org/center-text/-/center-text-0.1.0.tgz",
      "integrity": "sha512-yBnV3c67mSCMlOiZsR2OqV55tzpmEVPqZ76Wv7RZrcg/sfyHuK+g9SbZW3NwC9JMQVx9mBaad/kCASiKJ9/+2A==",
      "engines": {
        "node": ">= 0.8.0"
      }
    },
    "node_modules/chalk": {
      "version": "5.3.0",
      "resolved": "https://registry.npmjs.org/chalk/-/chalk-5.3.0.tgz",
      "integrity": "sha512-dLitG79d+GV1Nb/VYcCDFivJeK1hiukt9QjRNVOsUtTy1rR1YJsmpGGTZ3qJos+uw7WmWF4wUwBd9jxjocFC2w==",
      "engines": {
        "node": "^12.17.0 || ^14.13 || >=16.0.0"
      },
      "funding": {
        "url": "https://github.com/chalk/chalk?sponsor=1"
      }
    },
    "node_modules/kind-of": {
      "version": "5.1.0",
      "resolved": "https://registry.npmjs.org/kind-of/-/kind-of-5.1.0.tgz",
      "integrity": "sha512-NGEErnH6F2vUuXDh+OlbcKW7/wOcfdRHaZ7VWtqCztfHri/++YKmP51OdWeGPuqCOba6kk2OTe5d02VmTB80Pw==",
      "engines": {
        "node": ">=0.10.0"
      }
    },
    "node_modules/longest": {
      "version": "2.0.1",
      "resolved": "https://registry.npmjs.org/longest/-/longest-2.0.1.tgz",
      "integrity": "sha512-Ajzxb8CM6WAnFjgiloPsI3bF+WCxcvhdIG3KNA2KN962+tdBsHcuQ4k4qX/EcS/2CRkcc0iAkR956Nib6aXU/Q==",
      "engines": {
        "node": ">=0.10.0"
      }
    },
    "node_modules/prompt-sync": {
      "version": "4.2.0",
      "resolved": "https://registry.npmjs.org/prompt-sync/-/prompt-sync-4.2.0.tgz",
      "integrity": "sha512-BuEzzc5zptP5LsgV5MZETjDaKSWfchl5U9Luiu8SKp7iZWD5tZalOxvNcZRwv+d2phNFr8xlbxmFNcRKfJOzJw==",
      "dependencies": {
        "strip-ansi": "^5.0.0"
      }
    },
    "node_modules/repeat-string": {
      "version": "1.6.1",
      "resolved": "https://registry.npmjs.org/repeat-string/-/repeat-string-1.6.1.tgz",
      "integrity": "sha512-PV0dzCYDNfRi1jCDbJzpW7jNNDRuCOG/jI5ctQcGKt/clZD+YcPS3yIlWuTJMmESC8aevCFmWJy5wjAFgNqN6w==",
      "engines": {
        "node": ">=0.10"
      }
    },
    "node_modules/strip-ansi": {
      "version": "5.2.0",
      "resolved": "https://registry.npmjs.org/strip-ansi/-/strip-ansi-5.2.0.tgz",
      "integrity": "sha512-DuRs1gKbBqsMKIZlrffwlug8MHkcnpjs5VPmL1PAh+mA30U0DTotfDZ0d2UUsXpPmPmMMJ6W773MaA3J+lbiWA==",
      "dependencies": {
        "ansi-regex": "^4.1.0"
      },
      "engines": {
        "node": ">=6"
      }
    },
    "node_modules/tslib": {
      "version": "2.6.2",
      "resolved": "https://registry.npmjs.org/tslib/-/tslib-2.6.2.tgz",
      "integrity": "sha512-AEYxH93jGFPn/a2iVAwW87VuUIkR1FVUKB77NwMF7nBTDkDrrT/Hpt/IrCJ0QXhW27jTBDcf5ZY7w6RiqTMw2Q==",
      "dev": true
    },
    "node_modules/typescript": {
      "version": "5.2.2",
      "resolved": "https://registry.npmjs.org/typescript/-/typescript-5.2.2.tgz",
      "integrity": "sha512-mI4WrpHsbCIcwT9cF4FZvr80QUeKvsUsUvKDoR+X/7XHQH98xYD8YHZg7ANtz2GtZt/CBq2QJ0thkGJMHfqc1w==",
      "dev": true,
      "bin": {
        "tsc": "bin/tsc",
        "tsserver": "bin/tsserver"
      },
      "engines": {
        "node": ">=14.17"
      }
    },
    "node_modules/undici-types": {
      "version": "5.26.5",
      "resolved": "https://registry.npmjs.org/undici-types/-/undici-types-5.26.5.tgz",
      "integrity": "sha512-JlCMO+ehdEIKqlFxk6IfVoAUVmgz7cU7zD/h9XZ0qzeosSHmUJVOzSQvvYSYWXkFXC+IfLKSIffhv0sVZup6pA==",
      "dev": true
    }
  }
}
